
Microsoft Visual Studio Solution File, Format Version 12.00
# Visual Studio Version 17
VisualStudioVersion = 17.9.34728.123
MinimumVisualStudioVersion = 10.0.40219.1
Project("{FAE04EC0-301F-11D3-BF4B-00C04F79EFBC}") = "Кт 4", "Кт 4.csproj", "{EE23CF20-37B7-495C-BFA5-614298E2BD28}"
EndProject
Global
	GlobalSection(SolutionConfigurationPlatforms) = preSolution
		Debug|Any CPU = Debug|Any CPU
		Release|Any CPU = Release|Any CPU
	EndGlobalSection
	GlobalSection(ProjectConfigurationPlatforms) = postSolution
		{EE23CF20-37B7-495C-BFA5-614298E2BD28}.Debug|Any CPU.ActiveCfg = Debug|Any CPU
		{EE23CF20-37B7-495C-BFA5-614298E2BD28}.Debug|Any CPU.Build.0 = Debug|Any CPU
		{EE23CF20-37B7-495C-BFA5-614298E2BD28}.Release|Any CPU.ActiveCfg = Release|Any CPU
		{EE23CF20-37B7-495C-BFA5-614298E2BD28}.Release|Any CPU.Build.0 = Release|Any CPU
	EndGlobalSection
	GlobalSection(SolutionProperties) = preSolution
		HideSolutionNode = FALSE
	EndGlobalSection
	GlobalSection(ExtensibilityGlobals) = postSolution
		SolutionGuid = {36B7A1D9-C5F1-45F9-8DF3-A6C19C4FEF6E}
	EndGlobalSection
EndGlobal
